
Microsoft Visual Studio Solution File, Format Version 12.00
# Visual Studio Version 17
VisualStudioVersion = 17.11.35431.28
MinimumVisualStudioVersion = 10.0.40219.1
Project("{9A19103F-16F7-4668-BE54-9A1E7A4F7556}") = "CurrencyWallet.Api", "src\CurrencyWallet.Api\CurrencyWallet.Api.csproj", "{E51885A2-4F09-4944-A688-0BF3D82E0E77}"
EndProject
Project("{9A19103F-16F7-4668-BE54-9A1E7A4F7556}") = "CurrencyWallet.Application", "src\CurrencyWallet.Application\CurrencyWallet.Application.csproj", "{1E68850C-5F9A-44C5-A676-5AA4CBD74617}"
EndProject
Project("{9A19103F-16F7-4668-BE54-9A1E7A4F7556}") = "CurrencyWallet.Infrastructure", "src\CurrencyWallet.Infrastructure\CurrencyWallet.Infrastructure.csproj", "{C8EC99D2-CEFA-4EB7-AD46-4AFB286CECEC}"
EndProject
Project("{9A19103F-16F7-4668-BE54-9A1E7A4F7556}") = "CurrencyWallet.Domain", "src\CurrencyWallet.Domain\CurrencyWallet.Domain.csproj", "{775A7F5D-86C1-44F6-BC51-2AB0E7EF39FC}"
EndProject
Project("{FAE04EC0-301F-11D3-BF4B-00C04F79EFBC}") = "CurrencyWallet.UnitTests", "src\CurrencyWallet.UnitTests\CurrencyWallet.UnitTests.csproj", "{2400909B-27E0-41E3-9910-CCB8D5ECC9B7}"
EndProject
Global
	GlobalSection(SolutionConfigurationPlatforms) = preSolution
		Debug|Any CPU = Debug|Any CPU
		Release|Any CPU = Release|Any CPU
	EndGlobalSection
	GlobalSection(ProjectConfigurationPlatforms) = postSolution
		{E51885A2-4F09-4944-A688-0BF3D82E0E77}.Debug|Any CPU.ActiveCfg = Debug|Any CPU
		{E51885A2-4F09-4944-A688-0BF3D82E0E77}.Debug|Any CPU.Build.0 = Debug|Any CPU
		{E51885A2-4F09-4944-A688-0BF3D82E0E77}.Release|Any CPU.ActiveCfg = Release|Any CPU
		{E51885A2-4F09-4944-A688-0BF3D82E0E77}.Release|Any CPU.Build.0 = Release|Any CPU
		{1E68850C-5F9A-44C5-A676-5AA4CBD74617}.Debug|Any CPU.ActiveCfg = Debug|Any CPU
		{1E68850C-5F9A-44C5-A676-5AA4CBD74617}.Debug|Any CPU.Build.0 = Debug|Any CPU
		{1E68850C-5F9A-44C5-A676-5AA4CBD74617}.Release|Any CPU.ActiveCfg = Release|Any CPU
		{1E68850C-5F9A-44C5-A676-5AA4CBD74617}.Release|Any CPU.Build.0 = Release|Any CPU
		{C8EC99D2-CEFA-4EB7-AD46-4AFB286CECEC}.Debug|Any CPU.ActiveCfg = Debug|Any CPU
		{C8EC99D2-CEFA-4EB7-AD46-4AFB286CECEC}.Debug|Any CPU.Build.0 = Debug|Any CPU
		{C8EC99D2-CEFA-4EB7-AD46-4AFB286CECEC}.Release|Any CPU.ActiveCfg = Release|Any CPU
		{C8EC99D2-CEFA-4EB7-AD46-4AFB286CECEC}.Release|Any CPU.Build.0 = Release|Any CPU
		{775A7F5D-86C1-44F6-BC51-2AB0E7EF39FC}.Debug|Any CPU.ActiveCfg = Debug|Any CPU
		{775A7F5D-86C1-44F6-BC51-2AB0E7EF39FC}.Debug|Any CPU.Build.0 = Debug|Any CPU
		{775A7F5D-86C1-44F6-BC51-2AB0E7EF39FC}.Release|Any CPU.ActiveCfg = Release|Any CPU
		{775A7F5D-86C1-44F6-BC51-2AB0E7EF39FC}.Release|Any CPU.Build.0 = Release|Any CPU
		{2400909B-27E0-41E3-9910-CCB8D5ECC9B7}.Debug|Any CPU.ActiveCfg = Debug|Any CPU
		{2400909B-27E0-41E3-9910-CCB8D5ECC9B7}.Debug|Any CPU.Build.0 = Debug|Any CPU
		{2400909B-27E0-41E3-9910-CCB8D5ECC9B7}.Release|Any CPU.ActiveCfg = Release|Any CPU
		{2400909B-27E0-41E3-9910-CCB8D5ECC9B7}.Release|Any CPU.Build.0 = Release|Any CPU
	EndGlobalSection
	GlobalSection(SolutionProperties) = preSolution
		HideSolutionNode = FALSE
	EndGlobalSection
	GlobalSection(ExtensibilityGlobals) = postSolution
		SolutionGuid = {4338C754-7604-4C17-A856-29B6E402AC48}
	EndGlobalSection
EndGlobal
