Microsoft Visual Studio Solution File, Format Version 12.00
# Visual Studio Version 17
VisualStudioVersion = 17.5.2.0
MinimumVisualStudioVersion = 10.0.40219.1
Project("{FAE04EC0-301F-11D3-BF4B-00C04F79EFBC}") = "CurrencyWallet.Api", "CurrencyWallet.Api\CurrencyWallet.Api.csproj", "{07DB8256-02CB-7F50-4007-99EBB1E3D2F4}"
EndProject
Project("{FAE04EC0-301F-11D3-BF4B-00C04F79EFBC}") = "CurrencyWallet.Application", "CurrencyWallet.Application\CurrencyWallet.Application.csproj", "{5668AB43-4CEA-3ABF-7CEC-28A0362949F2}"
EndProject
Project("{FAE04EC0-301F-11D3-BF4B-00C04F79EFBC}") = "CurrencyWallet.Domain", "CurrencyWallet.Domain\CurrencyWallet.Domain.csproj", "{7BE34782-BE7E-C683-768E-F202791AF27F}"
EndProject
Project("{FAE04EC0-301F-11D3-BF4B-00C04F79EFBC}") = "CurrencyWallet.Infrastructure", "CurrencyWallet.Infrastructure\CurrencyWallet.Infrastructure.csproj", "{5B77B3CD-CF1D-4174-81D9-FD74C0AD0993}"
EndProject
Project("{FAE04EC0-301F-11D3-BF4B-00C04F79EFBC}") = "CurrencyWallet.UnitTests", "CurrencyWallet.UnitTests\CurrencyWallet.UnitTests.csproj", "{D7EBD3F7-C122-C9DB-47E8-5F4226E8CD1D}"
EndProject
Global
	GlobalSection(SolutionConfigurationPlatforms) = preSolution
		Debug|Any CPU = Debug|Any CPU
		Release|Any CPU = Release|Any CPU
	EndGlobalSection
	GlobalSection(ProjectConfigurationPlatforms) = postSolution
		{07DB8256-02CB-7F50-4007-99EBB1E3D2F4}.Debug|Any CPU.ActiveCfg = Debug|Any CPU
		{07DB8256-02CB-7F50-4007-99EBB1E3D2F4}.Debug|Any CPU.Build.0 = Debug|Any CPU
		{07DB8256-02CB-7F50-4007-99EBB1E3D2F4}.Release|Any CPU.ActiveCfg = Release|Any CPU
		{07DB8256-02CB-7F50-4007-99EBB1E3D2F4}.Release|Any CPU.Build.0 = Release|Any CPU
		{5668AB43-4CEA-3ABF-7CEC-28A0362949F2}.Debug|Any CPU.ActiveCfg = Debug|Any CPU
		{5668AB43-4CEA-3ABF-7CEC-28A0362949F2}.Debug|Any CPU.Build.0 = Debug|Any CPU
		{5668AB43-4CEA-3ABF-7CEC-28A0362949F2}.Release|Any CPU.ActiveCfg = Release|Any CPU
		{5668AB43-4CEA-3ABF-7CEC-28A0362949F2}.Release|Any CPU.Build.0 = Release|Any CPU
		{7BE34782-BE7E-C683-768E-F202791AF27F}.Debug|Any CPU.ActiveCfg = Debug|Any CPU
		{7BE34782-BE7E-C683-768E-F202791AF27F}.Debug|Any CPU.Build.0 = Debug|Any CPU
		{7BE34782-BE7E-C683-768E-F202791AF27F}.Release|Any CPU.ActiveCfg = Release|Any CPU
		{7BE34782-BE7E-C683-768E-F202791AF27F}.Release|Any CPU.Build.0 = Release|Any CPU
		{5B77B3CD-CF1D-4174-81D9-FD74C0AD0993}.Debug|Any CPU.ActiveCfg = Debug|Any CPU
		{5B77B3CD-CF1D-4174-81D9-FD74C0AD0993}.Debug|Any CPU.Build.0 = Debug|Any CPU
		{5B77B3CD-CF1D-4174-81D9-FD74C0AD0993}.Release|Any CPU.ActiveCfg = Release|Any CPU
		{5B77B3CD-CF1D-4174-81D9-FD74C0AD0993}.Release|Any CPU.Build.0 = Release|Any CPU
		{D7EBD3F7-C122-C9DB-47E8-5F4226E8CD1D}.Debug|Any CPU.ActiveCfg = Debug|Any CPU
		{D7EBD3F7-C122-C9DB-47E8-5F4226E8CD1D}.Debug|Any CPU.Build.0 = Debug|Any CPU
		{D7EBD3F7-C122-C9DB-47E8-5F4226E8CD1D}.Release|Any CPU.ActiveCfg = Release|Any CPU
		{D7EBD3F7-C122-C9DB-47E8-5F4226E8CD1D}.Release|Any CPU.Build.0 = Release|Any CPU
	EndGlobalSection
	GlobalSection(SolutionProperties) = preSolution
		HideSolutionNode = FALSE
	EndGlobalSection
	GlobalSection(ExtensibilityGlobals) = postSolution
		SolutionGuid = {F4E1891A-F02C-4DE0-AA82-EBFDD3F03303}
	EndGlobalSection
EndGlobal
